
Microsoft Visual Studio Solution File, Format Version 12.00
# Visual Studio Version 16
VisualStudioVersion = 16.0.30804.86
MinimumVisualStudioVersion = 10.0.40219.1
Project("{9A19103F-16F7-4668-BE54-9A1E7A4F7556}") = "De Bank", "De Bank\De Bank.csproj", "{ED52E4EC-F57E-42F5-BA9F-C8343C0DC156}"
EndProject
Project("{9A19103F-16F7-4668-BE54-9A1E7A4F7556}") = "Bank Test", "Bank Test\Bank Test.csproj", "{1C4558EB-BB40-41A6-8280-5B8D2AF9112E}"
EndProject
Project("{9A19103F-16F7-4668-BE54-9A1E7A4F7556}") = "Bank.FrontEnd", "Bank.FrontEnd\Bank.FrontEnd.csproj", "{5BEEADA1-8FD1-47AC-934F-982AF50D3C4F}"
EndProject
Project("{FAE04EC0-301F-11D3-BF4B-00C04F79EFBC}") = "Bank.DAL", "Bank.DAL\Bank.DAL.csproj", "{C115AD79-71CC-4180-888B-E580B28CAD4F}"
EndProject
Global
	GlobalSection(SolutionConfigurationPlatforms) = preSolution
		Debug|Any CPU = Debug|Any CPU
		Release|Any CPU = Release|Any CPU
	EndGlobalSection
	GlobalSection(ProjectConfigurationPlatforms) = postSolution
		{ED52E4EC-F57E-42F5-BA9F-C8343C0DC156}.Debug|Any CPU.ActiveCfg = Debug|Any CPU
		{ED52E4EC-F57E-42F5-BA9F-C8343C0DC156}.Debug|Any CPU.Build.0 = Debug|Any CPU
		{ED52E4EC-F57E-42F5-BA9F-C8343C0DC156}.Release|Any CPU.ActiveCfg = Release|Any CPU
		{ED52E4EC-F57E-42F5-BA9F-C8343C0DC156}.Release|Any CPU.Build.0 = Release|Any CPU
		{1C4558EB-BB40-41A6-8280-5B8D2AF9112E}.Debug|Any CPU.ActiveCfg = Debug|Any CPU
		{1C4558EB-BB40-41A6-8280-5B8D2AF9112E}.Debug|Any CPU.Build.0 = Debug|Any CPU
		{1C4558EB-BB40-41A6-8280-5B8D2AF9112E}.Release|Any CPU.ActiveCfg = Release|Any CPU
		{1C4558EB-BB40-41A6-8280-5B8D2AF9112E}.Release|Any CPU.Build.0 = Release|Any CPU
		{5BEEADA1-8FD1-47AC-934F-982AF50D3C4F}.Debug|Any CPU.ActiveCfg = Debug|Any CPU
		{5BEEADA1-8FD1-47AC-934F-982AF50D3C4F}.Debug|Any CPU.Build.0 = Debug|Any CPU
		{5BEEADA1-8FD1-47AC-934F-982AF50D3C4F}.Release|Any CPU.ActiveCfg = Release|Any CPU
		{5BEEADA1-8FD1-47AC-934F-982AF50D3C4F}.Release|Any CPU.Build.0 = Release|Any CPU
		{C115AD79-71CC-4180-888B-E580B28CAD4F}.Debug|Any CPU.ActiveCfg = Debug|Any CPU
		{C115AD79-71CC-4180-888B-E580B28CAD4F}.Debug|Any CPU.Build.0 = Debug|Any CPU
		{C115AD79-71CC-4180-888B-E580B28CAD4F}.Release|Any CPU.ActiveCfg = Release|Any CPU
		{C115AD79-71CC-4180-888B-E580B28CAD4F}.Release|Any CPU.Build.0 = Release|Any CPU
	EndGlobalSection
	GlobalSection(SolutionProperties) = preSolution
		HideSolutionNode = FALSE
	EndGlobalSection
	GlobalSection(ExtensibilityGlobals) = postSolution
		SolutionGuid = {3D5EBDC5-584C-4B74-BCDB-C8F426030ADD}
	EndGlobalSection
EndGlobal
